
Microsoft Visual Studio Solution File, Format Version 12.00
# Visual Studio 2012
Project("{2150E333-8FDC-42A3-9474-1A3956D46DE8}") = "Solution Items", "Solution Items", "{9A973D6A-FDA4-4773-9B7C-5FC8E7907FFE}"
	ProjectSection(SolutionItems) = preProject
		bsp01\Duck.cs = bsp01\Duck.cs
		bsp01\Programm.cs = bsp01\Programm.cs
		bsp01\Quack.cs = bsp01\Quack.cs
	EndProjectSection
EndProject
Project("{FAE04EC0-301F-11D3-BF4B-00C04F79EFBC}") = "02b_Iterator", "02b_Iterator\02b_Iterator.csproj", "{F543F07F-88AE-4969-AC1E-8CB59652FFC8}"
EndProject
Project("{FAE04EC0-301F-11D3-BF4B-00C04F79EFBC}") = "01a_Strategy", "01a_Strategy\01a_Strategy.csproj", "{1E391A83-64B6-4E5C-880C-705FB383283C}"
EndProject
Project("{FAE04EC0-301F-11D3-BF4B-00C04F79EFBC}") = "01b_Singelton", "01b_Singelton\01b_Singelton.csproj", "{582F15F5-5D04-4211-A1EF-806CB16A3136}"
EndProject
Project("{FAE04EC0-301F-11D3-BF4B-00C04F79EFBC}") = "03a_Observer", "03a_Observer\03a_Observer.csproj", "{DAAC47AC-CDFF-4C27-A1E8-F69A085138AC}"
EndProject
Project("{FAE04EC0-301F-11D3-BF4B-00C04F79EFBC}") = "03b_Observer_Delegate", "03b_Observer_Delegate\03b_Observer_Delegate.csproj", "{90376D31-DBBA-4882-91D8-B9D7B647C5CC}"
EndProject
Project("{FAE04EC0-301F-11D3-BF4B-00C04F79EFBC}") = "04a_Decorator", "04a_Decorator\04a_Decorator.csproj", "{AA474CEB-3FB1-443C-9260-56182BFAAE28}"
EndProject
Project("{FAE04EC0-301F-11D3-BF4B-00C04F79EFBC}") = "05a_Composite", "05a_Composite\05a_Composite.csproj", "{0C76614B-DD13-4191-8825-E0FDF8DBC9FA}"
EndProject
Project("{FAE04EC0-301F-11D3-BF4B-00C04F79EFBC}") = "05b_Visitor", "05b_Visitor\05b_Visitor.csproj", "{33852466-C805-40FD-9996-038F41894A9B}"
EndProject
Global
	GlobalSection(SolutionConfigurationPlatforms) = preSolution
		Debug|x86 = Debug|x86
		Release|x86 = Release|x86
	EndGlobalSection
	GlobalSection(ProjectConfigurationPlatforms) = postSolution
		{1E391A83-64B6-4E5C-880C-705FB383283C}.Debug|x86.ActiveCfg = Debug|x86
		{1E391A83-64B6-4E5C-880C-705FB383283C}.Debug|x86.Build.0 = Debug|x86
		{1E391A83-64B6-4E5C-880C-705FB383283C}.Release|x86.ActiveCfg = Release|x86
		{1E391A83-64B6-4E5C-880C-705FB383283C}.Release|x86.Build.0 = Release|x86
		{33852466-C805-40FD-9996-038F41894A9B}.Debug|x86.ActiveCfg = Debug|x86
		{33852466-C805-40FD-9996-038F41894A9B}.Debug|x86.Build.0 = Debug|x86
		{33852466-C805-40FD-9996-038F41894A9B}.Release|x86.ActiveCfg = Release|x86
		{33852466-C805-40FD-9996-038F41894A9B}.Release|x86.Build.0 = Release|x86
		{582F15F5-5D04-4211-A1EF-806CB16A3136}.Debug|x86.ActiveCfg = Debug|x86
		{582F15F5-5D04-4211-A1EF-806CB16A3136}.Debug|x86.Build.0 = Debug|x86
		{582F15F5-5D04-4211-A1EF-806CB16A3136}.Release|x86.ActiveCfg = Release|x86
		{582F15F5-5D04-4211-A1EF-806CB16A3136}.Release|x86.Build.0 = Release|x86
		{90376D31-DBBA-4882-91D8-B9D7B647C5CC}.Debug|x86.ActiveCfg = Debug|x86
		{90376D31-DBBA-4882-91D8-B9D7B647C5CC}.Debug|x86.Build.0 = Debug|x86
		{90376D31-DBBA-4882-91D8-B9D7B647C5CC}.Release|x86.ActiveCfg = Release|x86
		{90376D31-DBBA-4882-91D8-B9D7B647C5CC}.Release|x86.Build.0 = Release|x86
		{AA474CEB-3FB1-443C-9260-56182BFAAE28}.Debug|x86.ActiveCfg = Debug|x86
		{AA474CEB-3FB1-443C-9260-56182BFAAE28}.Debug|x86.Build.0 = Debug|x86
		{AA474CEB-3FB1-443C-9260-56182BFAAE28}.Release|x86.ActiveCfg = Release|x86
		{AA474CEB-3FB1-443C-9260-56182BFAAE28}.Release|x86.Build.0 = Release|x86
		{DAAC47AC-CDFF-4C27-A1E8-F69A085138AC}.Debug|x86.ActiveCfg = Debug|x86
		{DAAC47AC-CDFF-4C27-A1E8-F69A085138AC}.Debug|x86.Build.0 = Debug|x86
		{DAAC47AC-CDFF-4C27-A1E8-F69A085138AC}.Release|x86.ActiveCfg = Release|x86
		{DAAC47AC-CDFF-4C27-A1E8-F69A085138AC}.Release|x86.Build.0 = Release|x86
		{F543F07F-88AE-4969-AC1E-8CB59652FFC8}.Debug|x86.ActiveCfg = Debug|x86
		{F543F07F-88AE-4969-AC1E-8CB59652FFC8}.Debug|x86.Build.0 = Debug|x86
		{F543F07F-88AE-4969-AC1E-8CB59652FFC8}.Release|x86.ActiveCfg = Release|x86
		{F543F07F-88AE-4969-AC1E-8CB59652FFC8}.Release|x86.Build.0 = Release|x86
		{33852466-C805-40FD-9996-038F41894A9B}.Debug|x86.ActiveCfg = Debug|x86
		{33852466-C805-40FD-9996-038F41894A9B}.Debug|x86.Build.0 = Debug|x86
		{33852466-C805-40FD-9996-038F41894A9B}.Release|x86.ActiveCfg = Release|x86
		{33852466-C805-40FD-9996-038F41894A9B}.Release|x86.Build.0 = Release|x86
	EndGlobalSection
	GlobalSection(NestedProjects) = preSolution
	EndGlobalSection
	GlobalSection(MonoDevelopProperties) = preSolution
		StartupItem = 05b_Visitor\05b_Visitor.csproj
	EndGlobalSection
EndGlobal
